
Microsoft Visual Studio Solution File, Format Version 12.00
# Visual Studio 15
VisualStudioVersion = 15.0.27428.2027
MinimumVisualStudioVersion = 10.0.40219.1
Project("{FAE04EC0-301F-11D3-BF4B-00C04F79EFBC}") = "decorateTest", "decorateTest\decorateTest.csproj", "{129D9FCA-0CCF-49AC-A261-DC805695E49A}"
EndProject
Project("{FAE04EC0-301F-11D3-BF4B-00C04F79EFBC}") = "flyWeightTest", "flyWeightTest\flyWeightTest.csproj", "{2510A494-D6A6-4CBC-836A-A0BE150F36E7}"
EndProject
Project("{FAE04EC0-301F-11D3-BF4B-00C04F79EFBC}") = "StrategyTest", "Strategy\StrategyTest.csproj", "{C10A5785-6687-4517-BA03-A1B4937F3AC6}"
EndProject
Project("{FAE04EC0-301F-11D3-BF4B-00C04F79EFBC}") = "CommandTest", "CommandTest\CommandTest.csproj", "{B65269A6-37D7-403D-AF9F-82FF85549253}"
EndProject
Project("{FAE04EC0-301F-11D3-BF4B-00C04F79EFBC}") = "TemplateTest", "TemplateTest\TemplateTest.csproj", "{3D0516DF-F08E-4946-B9CF-7C0D1DFFA7B0}"
EndProject
Project("{FAE04EC0-301F-11D3-BF4B-00C04F79EFBC}") = "ObserverTest", "ObserverTest\ObserverTest.csproj", "{82A00993-8132-4772-8EB7-9EE72D98EB06}"
EndProject
Project("{FAE04EC0-301F-11D3-BF4B-00C04F79EFBC}") = "IteratorTest", "IteratorTest\IteratorTest.csproj", "{83B7496A-24D3-4947-84E1-EFF5EB2867D2}"
EndProject
Project("{FAE04EC0-301F-11D3-BF4B-00C04F79EFBC}") = "MementoTest", "MementoTest\MementoTest.csproj", "{C0B90E83-28BB-4BA6-81F9-DC45B192C76B}"
EndProject
Project("{FAE04EC0-301F-11D3-BF4B-00C04F79EFBC}") = "stateTest", "stateTest\stateTest.csproj", "{0481C6E3-877E-45DC-8ED6-2C68515032A8}"
EndProject
Project("{FAE04EC0-301F-11D3-BF4B-00C04F79EFBC}") = "VisitorTest", "VisitorTest\VisitorTest.csproj", "{296BBB68-0F47-4AA2-8A6E-222381490264}"
EndProject
Project("{FAE04EC0-301F-11D3-BF4B-00C04F79EFBC}") = "responsibilityTest", "responsibilityTest\responsibilityTest.csproj", "{EE53EF25-42B8-4C7A-A711-D7F28C62DB5C}"
EndProject
Project("{FAE04EC0-301F-11D3-BF4B-00C04F79EFBC}") = "MeditorTest", "MeditorTest\MeditorTest.csproj", "{0E1E63DD-27C8-4D91-8DE7-431314D90FC2}"
EndProject
Project("{FAE04EC0-301F-11D3-BF4B-00C04F79EFBC}") = "interptetTest", "interptetTest\interptetTest.csproj", "{21674884-ED93-441A-8944-045D5521C3B7}"
EndProject
Global
	GlobalSection(SolutionConfigurationPlatforms) = preSolution
		Debug|Any CPU = Debug|Any CPU
		Release|Any CPU = Release|Any CPU
	EndGlobalSection
	GlobalSection(ProjectConfigurationPlatforms) = postSolution
		{129D9FCA-0CCF-49AC-A261-DC805695E49A}.Debug|Any CPU.ActiveCfg = Debug|Any CPU
		{129D9FCA-0CCF-49AC-A261-DC805695E49A}.Debug|Any CPU.Build.0 = Debug|Any CPU
		{129D9FCA-0CCF-49AC-A261-DC805695E49A}.Release|Any CPU.ActiveCfg = Release|Any CPU
		{129D9FCA-0CCF-49AC-A261-DC805695E49A}.Release|Any CPU.Build.0 = Release|Any CPU
		{2510A494-D6A6-4CBC-836A-A0BE150F36E7}.Debug|Any CPU.ActiveCfg = Debug|Any CPU
		{2510A494-D6A6-4CBC-836A-A0BE150F36E7}.Debug|Any CPU.Build.0 = Debug|Any CPU
		{2510A494-D6A6-4CBC-836A-A0BE150F36E7}.Release|Any CPU.ActiveCfg = Release|Any CPU
		{2510A494-D6A6-4CBC-836A-A0BE150F36E7}.Release|Any CPU.Build.0 = Release|Any CPU
		{C10A5785-6687-4517-BA03-A1B4937F3AC6}.Debug|Any CPU.ActiveCfg = Debug|Any CPU
		{C10A5785-6687-4517-BA03-A1B4937F3AC6}.Debug|Any CPU.Build.0 = Debug|Any CPU
		{C10A5785-6687-4517-BA03-A1B4937F3AC6}.Release|Any CPU.ActiveCfg = Release|Any CPU
		{C10A5785-6687-4517-BA03-A1B4937F3AC6}.Release|Any CPU.Build.0 = Release|Any CPU
		{B65269A6-37D7-403D-AF9F-82FF85549253}.Debug|Any CPU.ActiveCfg = Debug|Any CPU
		{B65269A6-37D7-403D-AF9F-82FF85549253}.Debug|Any CPU.Build.0 = Debug|Any CPU
		{B65269A6-37D7-403D-AF9F-82FF85549253}.Release|Any CPU.ActiveCfg = Release|Any CPU
		{B65269A6-37D7-403D-AF9F-82FF85549253}.Release|Any CPU.Build.0 = Release|Any CPU
		{3D0516DF-F08E-4946-B9CF-7C0D1DFFA7B0}.Debug|Any CPU.ActiveCfg = Debug|Any CPU
		{3D0516DF-F08E-4946-B9CF-7C0D1DFFA7B0}.Debug|Any CPU.Build.0 = Debug|Any CPU
		{3D0516DF-F08E-4946-B9CF-7C0D1DFFA7B0}.Release|Any CPU.ActiveCfg = Release|Any CPU
		{3D0516DF-F08E-4946-B9CF-7C0D1DFFA7B0}.Release|Any CPU.Build.0 = Release|Any CPU
		{82A00993-8132-4772-8EB7-9EE72D98EB06}.Debug|Any CPU.ActiveCfg = Debug|Any CPU
		{82A00993-8132-4772-8EB7-9EE72D98EB06}.Debug|Any CPU.Build.0 = Debug|Any CPU
		{82A00993-8132-4772-8EB7-9EE72D98EB06}.Release|Any CPU.ActiveCfg = Release|Any CPU
		{82A00993-8132-4772-8EB7-9EE72D98EB06}.Release|Any CPU.Build.0 = Release|Any CPU
		{83B7496A-24D3-4947-84E1-EFF5EB2867D2}.Debug|Any CPU.ActiveCfg = Debug|Any CPU
		{83B7496A-24D3-4947-84E1-EFF5EB2867D2}.Debug|Any CPU.Build.0 = Debug|Any CPU
		{83B7496A-24D3-4947-84E1-EFF5EB2867D2}.Release|Any CPU.ActiveCfg = Release|Any CPU
		{83B7496A-24D3-4947-84E1-EFF5EB2867D2}.Release|Any CPU.Build.0 = Release|Any CPU
		{C0B90E83-28BB-4BA6-81F9-DC45B192C76B}.Debug|Any CPU.ActiveCfg = Debug|Any CPU
		{C0B90E83-28BB-4BA6-81F9-DC45B192C76B}.Debug|Any CPU.Build.0 = Debug|Any CPU
		{C0B90E83-28BB-4BA6-81F9-DC45B192C76B}.Release|Any CPU.ActiveCfg = Release|Any CPU
		{C0B90E83-28BB-4BA6-81F9-DC45B192C76B}.Release|Any CPU.Build.0 = Release|Any CPU
		{0481C6E3-877E-45DC-8ED6-2C68515032A8}.Debug|Any CPU.ActiveCfg = Debug|Any CPU
		{0481C6E3-877E-45DC-8ED6-2C68515032A8}.Debug|Any CPU.Build.0 = Debug|Any CPU
		{0481C6E3-877E-45DC-8ED6-2C68515032A8}.Release|Any CPU.ActiveCfg = Release|Any CPU
		{0481C6E3-877E-45DC-8ED6-2C68515032A8}.Release|Any CPU.Build.0 = Release|Any CPU
		{296BBB68-0F47-4AA2-8A6E-222381490264}.Debug|Any CPU.ActiveCfg = Debug|Any CPU
		{296BBB68-0F47-4AA2-8A6E-222381490264}.Debug|Any CPU.Build.0 = Debug|Any CPU
		{296BBB68-0F47-4AA2-8A6E-222381490264}.Release|Any CPU.ActiveCfg = Release|Any CPU
		{296BBB68-0F47-4AA2-8A6E-222381490264}.Release|Any CPU.Build.0 = Release|Any CPU
		{EE53EF25-42B8-4C7A-A711-D7F28C62DB5C}.Debug|Any CPU.ActiveCfg = Debug|Any CPU
		{EE53EF25-42B8-4C7A-A711-D7F28C62DB5C}.Debug|Any CPU.Build.0 = Debug|Any CPU
		{EE53EF25-42B8-4C7A-A711-D7F28C62DB5C}.Release|Any CPU.ActiveCfg = Release|Any CPU
		{EE53EF25-42B8-4C7A-A711-D7F28C62DB5C}.Release|Any CPU.Build.0 = Release|Any CPU
		{0E1E63DD-27C8-4D91-8DE7-431314D90FC2}.Debug|Any CPU.ActiveCfg = Debug|Any CPU
		{0E1E63DD-27C8-4D91-8DE7-431314D90FC2}.Debug|Any CPU.Build.0 = Debug|Any CPU
		{0E1E63DD-27C8-4D91-8DE7-431314D90FC2}.Release|Any CPU.ActiveCfg = Release|Any CPU
		{0E1E63DD-27C8-4D91-8DE7-431314D90FC2}.Release|Any CPU.Build.0 = Release|Any CPU
		{21674884-ED93-441A-8944-045D5521C3B7}.Debug|Any CPU.ActiveCfg = Debug|Any CPU
		{21674884-ED93-441A-8944-045D5521C3B7}.Debug|Any CPU.Build.0 = Debug|Any CPU
		{21674884-ED93-441A-8944-045D5521C3B7}.Release|Any CPU.ActiveCfg = Release|Any CPU
		{21674884-ED93-441A-8944-045D5521C3B7}.Release|Any CPU.Build.0 = Release|Any CPU
	EndGlobalSection
	GlobalSection(SolutionProperties) = preSolution
		HideSolutionNode = FALSE
	EndGlobalSection
	GlobalSection(ExtensibilityGlobals) = postSolution
		SolutionGuid = {CE616CE4-82B3-40C2-B96A-E9F24A940E56}
	EndGlobalSection
EndGlobal
